
Microsoft Visual Studio Solution File, Format Version 12.00
# Visual Studio Version 17
VisualStudioVersion = 17.9.34723.18
MinimumVisualStudioVersion = 10.0.40219.1
Project("{FAE04EC0-301F-11D3-BF4B-00C04F79EFBC}") = "Framework", "Framework\Framework.csproj", "{63B52BCA-5CEB-41A5-9D34-8CCBB3FE138E}"
EndProject
Project("{FAE04EC0-301F-11D3-BF4B-00C04F79EFBC}") = "Core", "Core\Core.csproj", "{49300064-5DC6-4607-A9C6-B1AA537AA349}"
EndProject
Global
	GlobalSection(SolutionConfigurationPlatforms) = preSolution
		Debug|Any CPU = Debug|Any CPU
		Release|Any CPU = Release|Any CPU
	EndGlobalSection
	GlobalSection(ProjectConfigurationPlatforms) = postSolution
		{63B52BCA-5CEB-41A5-9D34-8CCBB3FE138E}.Debug|Any CPU.ActiveCfg = Debug|Any CPU
		{63B52BCA-5CEB-41A5-9D34-8CCBB3FE138E}.Debug|Any CPU.Build.0 = Debug|Any CPU
		{63B52BCA-5CEB-41A5-9D34-8CCBB3FE138E}.Release|Any CPU.ActiveCfg = Release|Any CPU
		{63B52BCA-5CEB-41A5-9D34-8CCBB3FE138E}.Release|Any CPU.Build.0 = Release|Any CPU
		{49300064-5DC6-4607-A9C6-B1AA537AA349}.Debug|Any CPU.ActiveCfg = Debug|Any CPU
		{49300064-5DC6-4607-A9C6-B1AA537AA349}.Debug|Any CPU.Build.0 = Debug|Any CPU
		{49300064-5DC6-4607-A9C6-B1AA537AA349}.Release|Any CPU.ActiveCfg = Release|Any CPU
		{49300064-5DC6-4607-A9C6-B1AA537AA349}.Release|Any CPU.Build.0 = Release|Any CPU
	EndGlobalSection
	GlobalSection(SolutionProperties) = preSolution
		HideSolutionNode = FALSE
	EndGlobalSection
	GlobalSection(ExtensibilityGlobals) = postSolution
		SolutionGuid = {45E0DE8C-749D-4F2B-A175-F87CB544340A}
	EndGlobalSection
EndGlobal
